
Microsoft Visual Studio Solution File, Format Version 12.00
# Visual Studio Version 16
VisualStudioVersion = 16.0.30204.135
MinimumVisualStudioVersion = 10.0.40219.1
Project("{9A19103F-16F7-4668-BE54-9A1E7A4F7556}") = "ConsoleApp2", "ConsoleApp2\ConsoleApp2.csproj", "{9FD0BA18-D7A1-4DCC-A283-732EA7837488}"
EndProject
Project("{9A19103F-16F7-4668-BE54-9A1E7A4F7556}") = "ClassLibrary1", "ClassLibrary1\ClassLibrary1.csproj", "{2B7CF030-DA87-4C53-93DD-FBB05B8FBB40}"
EndProject
Global
	GlobalSection(SolutionConfigurationPlatforms) = preSolution
		Debug|Any CPU = Debug|Any CPU
		Release|Any CPU = Release|Any CPU
	EndGlobalSection
	GlobalSection(ProjectConfigurationPlatforms) = postSolution
		{9FD0BA18-D7A1-4DCC-A283-732EA7837488}.Debug|Any CPU.ActiveCfg = Debug|Any CPU
		{9FD0BA18-D7A1-4DCC-A283-732EA7837488}.Debug|Any CPU.Build.0 = Debug|Any CPU
		{9FD0BA18-D7A1-4DCC-A283-732EA7837488}.Release|Any CPU.ActiveCfg = Release|Any CPU
		{9FD0BA18-D7A1-4DCC-A283-732EA7837488}.Release|Any CPU.Build.0 = Release|Any CPU
		{2B7CF030-DA87-4C53-93DD-FBB05B8FBB40}.Debug|Any CPU.ActiveCfg = Debug|Any CPU
		{2B7CF030-DA87-4C53-93DD-FBB05B8FBB40}.Debug|Any CPU.Build.0 = Debug|Any CPU
		{2B7CF030-DA87-4C53-93DD-FBB05B8FBB40}.Release|Any CPU.ActiveCfg = Release|Any CPU
		{2B7CF030-DA87-4C53-93DD-FBB05B8FBB40}.Release|Any CPU.Build.0 = Release|Any CPU
	EndGlobalSection
	GlobalSection(SolutionProperties) = preSolution
		HideSolutionNode = FALSE
	EndGlobalSection
	GlobalSection(ExtensibilityGlobals) = postSolution
		SolutionGuid = {7824B41A-62CB-4AF0-AA54-16895932DD25}
	EndGlobalSection
EndGlobal
