
Microsoft Visual Studio Solution File, Format Version 12.00
# Visual Studio Version 16
VisualStudioVersion = 16.0.30204.135
MinimumVisualStudioVersion = 10.0.40219.1
Project("{FAE04EC0-301F-11D3-BF4B-00C04F79EFBC}") = "ConsoleApp1", "ConsoleApp1.csproj", "{B72B7C21-52F8-4595-8E6F-1E710C29B9B3}"
EndProject
Project("{FAE04EC0-301F-11D3-BF4B-00C04F79EFBC}") = "ClassLibrary1", "..\ClassLibrary1\ClassLibrary1.csproj", "{A0557CD1-6510-41F1-A996-DBEAA1C293EE}"
EndProject
Global
	GlobalSection(SolutionConfigurationPlatforms) = preSolution
		Debug|Any CPU = Debug|Any CPU
		Release|Any CPU = Release|Any CPU
	EndGlobalSection
	GlobalSection(ProjectConfigurationPlatforms) = postSolution
		{B72B7C21-52F8-4595-8E6F-1E710C29B9B3}.Debug|Any CPU.ActiveCfg = Debug|Any CPU
		{B72B7C21-52F8-4595-8E6F-1E710C29B9B3}.Debug|Any CPU.Build.0 = Debug|Any CPU
		{B72B7C21-52F8-4595-8E6F-1E710C29B9B3}.Release|Any CPU.ActiveCfg = Release|Any CPU
		{B72B7C21-52F8-4595-8E6F-1E710C29B9B3}.Release|Any CPU.Build.0 = Release|Any CPU
		{A0557CD1-6510-41F1-A996-DBEAA1C293EE}.Debug|Any CPU.ActiveCfg = Debug|Any CPU
		{A0557CD1-6510-41F1-A996-DBEAA1C293EE}.Debug|Any CPU.Build.0 = Debug|Any CPU
		{A0557CD1-6510-41F1-A996-DBEAA1C293EE}.Release|Any CPU.ActiveCfg = Release|Any CPU
		{A0557CD1-6510-41F1-A996-DBEAA1C293EE}.Release|Any CPU.Build.0 = Release|Any CPU
	EndGlobalSection
	GlobalSection(SolutionProperties) = preSolution
		HideSolutionNode = FALSE
	EndGlobalSection
	GlobalSection(ExtensibilityGlobals) = postSolution
		SolutionGuid = {1EA18FC7-7433-4103-9498-F404C007ABEE}
	EndGlobalSection
EndGlobal
